// !$*UTF8*$!
{
	archiveVersion = 1;
	classes = {
	};
	objectVersion = 50;
	objects = {

/* Begin PBXBuildFile section */
		6CEDA6F123747E3A00C3E42B /* AppDelegate.swift in Sources */ = {isa = PBXBuildFile; fileRef = 6CEDA6F023747E3A00C3E42B /* AppDelegate.swift */; };
		6CEDA6F323747E3A00C3E42B /* SceneDelegate.swift in Sources */ = {isa = PBXBuildFile; fileRef = 6CEDA6F223747E3A00C3E42B /* SceneDelegate.swift */; };
		6CEDA6F523747E3A00C3E42B /* ViewController.swift in Sources */ = {isa = PBXBuildFile; fileRef = 6CEDA6F423747E3A00C3E42B /* ViewController.swift */; };
		6CEDA6F823747E3A00C3E42B /* Main.storyboard in Resources */ = {isa = PBXBuildFile; fileRef = 6CEDA6F623747E3A00C3E42B /* Main.storyboard */; };
		6CEDA6FA23747E3F00C3E42B /* Assets.xcassets in Resources */ = {isa = PBXBuildFile; fileRef = 6CEDA6F923747E3F00C3E42B /* Assets.xcassets */; };
		6CEDA6FD23747E3F00C3E42B /* LaunchScreen.storyboard in Resources */ = {isa = PBXBuildFile; fileRef = 6CEDA6FB23747E3F00C3E42B /* LaunchScreen.storyboard */; };
		6CEDA70823747E3F00C3E42B /* Tic_tac_toeTests.swift in Sources */ = {isa = PBXBuildFile; fileRef = 6CEDA70723747E3F00C3E42B /* Tic_tac_toeTests.swift */; };
		6CEDA71323747E3F00C3E42B /* Tic_tac_toeUITests.swift in Sources */ = {isa = PBXBuildFile; fileRef = 6CEDA71223747E3F00C3E42B /* Tic_tac_toeUITests.swift */; };
/* End PBXBuildFile section */

/* Begin PBXContainerItemProxy section */
		6CEDA70423747E3F00C3E42B /* PBXContainerItemProxy */ = {
			isa = PBXContainerItemProxy;
			containerPortal = 6CEDA6E523747E3A00C3E42B /* Project object */;
			proxyType = 1;
			remoteGlobalIDString = 6CEDA6EC23747E3A00C3E42B;
			remoteInfo = "Tic-tac-toe";
		};
		6CEDA70F23747E3F00C3E42B /* PBXContainerItemProxy */ = {
			isa = PBXContainerItemProxy;
			containerPortal = 6CEDA6E523747E3A00C3E42B /* Project object */;
			proxyType = 1;
			remoteGlobalIDString = 6CEDA6EC23747E3A00C3E42B;
			remoteInfo = "Tic-tac-toe";
		};
/* End PBXContainerItemProxy section */

/* Begin PBXFileReference section */
		6CEDA6ED23747E3A00C3E42B /* Tic-tac-toe.app */ = {isa = PBXFileReference; explicitFileType = wrapper.application; includeInIndex = 0; path = "Tic-tac-toe.app"; sourceTree = BUILT_PRODUCTS_DIR; };
		6CEDA6F023747E3A00C3E42B /* AppDelegate.swift */ = {isa = PBXFileReference; lastKnownFileType = sourcecode.swift; path = AppDelegate.swift; sourceTree = "<group>"; };
		6CEDA6F223747E3A00C3E42B /* SceneDelegate.swift */ = {isa = PBXFileReference; lastKnownFileType = sourcecode.swift; path = SceneDelegate.swift; sourceTree = "<group>"; };
		6CEDA6F423747E3A00C3E42B /* ViewController.swift */ = {isa = PBXFileReference; lastKnownFileType = sourcecode.swift; path = ViewController.swift; sourceTree = "<group>"; };
		6CEDA6F723747E3A00C3E42B /* Base */ = {isa = PBXFileReference; lastKnownFileType = file.storyboard; name = Base; path = Base.lproj/Main.storyboard; sourceTree = "<group>"; };
		6CEDA6F923747E3F00C3E42B /* Assets.xcassets */ = {isa = PBXFileReference; lastKnownFileType = folder.assetcatalog; path = Assets.xcassets; sourceTree = "<group>"; };
		6CEDA6FC23747E3F00C3E42B /* Base */ = {isa = PBXFileReference; lastKnownFileType = file.storyboard; name = Base; path = Base.lproj/LaunchScreen.storyboard; sourceTree = "<group>"; };
		6CEDA6FE23747E3F00C3E42B /* Info.plist */ = {isa = PBXFileReference; lastKnownFileType = text.plist.xml; path = Info.plist; sourceTree = "<group>"; };
		6CEDA70323747E3F00C3E42B /* Tic-tac-toeTests.xctest */ = {isa = PBXFileReference; explicitFileType = wrapper.cfbundle; includeInIndex = 0; path = "Tic-tac-toeTests.xctest"; sourceTree = BUILT_PRODUCTS_DIR; };
		6CEDA70723747E3F00C3E42B /* Tic_tac_toeTests.swift */ = {isa = PBXFileReference; lastKnownFileType = sourcecode.swift; path = Tic_tac_toeTests.swift; sourceTree = "<group>"; };
		6CEDA70923747E3F00C3E42B /* Info.plist */ = {isa = PBXFileReference; lastKnownFileType = text.plist.xml; path = Info.plist; sourceTree = "<group>"; };
		6CEDA70E23747E3F00C3E42B /* Tic-tac-toeUITests.xctest */ = {isa = PBXFileReference; explicitFileType = wrapper.cfbundle; includeInIndex = 0; path = "Tic-tac-toeUITests.xctest"; sourceTree = BUILT_PRODUCTS_DIR; };
		6CEDA71223747E3F00C3E42B /* Tic_tac_toeUITests.swift */ = {isa = PBXFileReference; lastKnownFileType = sourcecode.swift; path = Tic_tac_toeUITests.swift; sourceTree = "<group>"; };
		6CEDA71423747E3F00C3E42B /* Info.plist */ = {isa = PBXFileReference; lastKnownFileType = text.plist.xml; path = Info.plist; sourceTree = "<group>"; };
/* End PBXFileReference section */

/* Begin PBXFrameworksBuildPhase section */
		6CEDA6EA23747E3A00C3E42B /* Frameworks */ = {
			isa = PBXFrameworksBuildPhase;
			buildActionMask = 2147483647;
			files = (
			);
			runOnlyForDeploymentPostprocessing = 0;
		};
		6CEDA70023747E3F00C3E42B /* Frameworks */ = {
			isa = PBXFrameworksBuildPhase;
			buildActionMask = 2147483647;
			files = (
			);
			runOnlyForDeploymentPostprocessing = 0;
		};
		6CEDA70B23747E3F00C3E42B /* Frameworks */ = {
			isa = PBXFrameworksBuildPhase;
			buildActionMask = 2147483647;
			files = (
			);
			runOnlyForDeploymentPostprocessing = 0;
		};
/* End PBXFrameworksBuildPhase section */

/* Begin PBXGroup section */
		6CEDA6E423747E3A00C3E42B = {
			isa = PBXGroup;
			children = (
				6CEDA6EF23747E3A00C3E42B /* Tic-tac-toe */,
				6CEDA70623747E3F00C3E42B /* Tic-tac-toeTests */,
				6CEDA71123747E3F00C3E42B /* Tic-tac-toeUITests */,
				6CEDA6EE23747E3A00C3E42B /* Products */,
			);
			sourceTree = "<group>";
		};
		6CEDA6EE23747E3A00C3E42B /* Products */ = {
			isa = PBXGroup;
			children = (
				6CEDA6ED23747E3A00C3E42B /* Tic-tac-toe.app */,
				6CEDA70323747E3F00C3E42B /* Tic-tac-toeTests.xctest */,
				6CEDA70E23747E3F00C3E42B /* Tic-tac-toeUITests.xctest */,
			);
			name = Products;
			sourceTree = "<group>";
		};
		6CEDA6EF23747E3A00C3E42B /* Tic-tac-toe */ = {
			isa = PBXGroup;
			children = (
				6CEDA6F023747E3A00C3E42B /* AppDelegate.swift */,
				6CEDA6F223747E3A00C3E42B /* SceneDelegate.swift */,
				6CEDA6F423747E3A00C3E42B /* ViewController.swift */,
				6CEDA6F623747E3A00C3E42B /* Main.storyboard */,
				6CEDA6F923747E3F00C3E42B /* Assets.xcassets */,
				6CEDA6FB23747E3F00C3E42B /* LaunchScreen.storyboard */,
				6CEDA6FE23747E3F00C3E42B /* Info.plist */,
			);
			path = "Tic-tac-toe";
			sourceTree = "<group>";
		};
		6CEDA70623747E3F00C3E42B /* Tic-tac-toeTests */ = {
			isa = PBXGroup;
			children = (
				6CEDA70723747E3F00C3E42B /* Tic_tac_toeTests.swift */,
				6CEDA70923747E3F00C3E42B /* Info.plist */,
			);
			path = "Tic-tac-toeTests";
			sourceTree = "<group>";
		};
		6CEDA71123747E3F00C3E42B /* Tic-tac-toeUITests */ = {
			isa = PBXGroup;
			children = (
				6CEDA71223747E3F00C3E42B /* Tic_tac_toeUITests.swift */,
				6CEDA71423747E3F00C3E42B /* Info.plist */,
			);
			path = "Tic-tac-toeUITests";
			sourceTree = "<group>";
		};
/* End PBXGroup section */

/* Begin PBXNativeTarget section */
		6CEDA6EC23747E3A00C3E42B /* Tic-tac-toe */ = {
			isa = PBXNativeTarget;
			buildConfigurationList = 6CEDA71723747E3F00C3E42B /* Build configuration list for PBXNativeTarget "Tic-tac-toe" */;
			buildPhases = (
				6CEDA6E923747E3A00C3E42B /* Sources */,
				6CEDA6EA23747E3A00C3E42B /* Frameworks */,
				6CEDA6EB23747E3A00C3E42B /* Resources */,
			);
			buildRules = (
			);
			dependencies = (
			);
			name = "Tic-tac-toe";
			productName = "Tic-tac-toe";
			productReference = 6CEDA6ED23747E3A00C3E42B /* Tic-tac-toe.app */;
			productType = "com.apple.product-type.application";
		};
		6CEDA70223747E3F00C3E42B /* Tic-tac-toeTests */ = {
			isa = PBXNativeTarget;
			buildConfigurationList = 6CEDA71A23747E3F00C3E42B /* Build configuration list for PBXNativeTarget "Tic-tac-toeTests" */;
			buildPhases = (
				6CEDA6FF23747E3F00C3E42B /* Sources */,
				6CEDA70023747E3F00C3E42B /* Frameworks */,
				6CEDA70123747E3F00C3E42B /* Resources */,
			);
			buildRules = (
			);
			dependencies = (
				6CEDA70523747E3F00C3E42B /* PBXTargetDependency */,
			);
			name = "Tic-tac-toeTests";
			productName = "Tic-tac-toeTests";
			productReference = 6CEDA70323747E3F00C3E42B /* Tic-tac-toeTests.xctest */;
			productType = "com.apple.product-type.bundle.unit-test";
		};
		6CEDA70D23747E3F00C3E42B /* Tic-tac-toeUITests */ = {
			isa = PBXNativeTarget;
			buildConfigurationList = 6CEDA71D23747E3F00C3E42B /* Build configuration list for PBXNativeTarget "Tic-tac-toeUITests" */;
			buildPhases = (
				6CEDA70A23747E3F00C3E42B /* Sources */,
				6CEDA70B23747E3F00C3E42B /* Frameworks */,
				6CEDA70C23747E3F00C3E42B /* Resources */,
			);
			buildRules = (
			);
			dependencies = (
				6CEDA71023747E3F00C3E42B /* PBXTargetDependency */,
			);
			name = "Tic-tac-toeUITests";
			productName = "Tic-tac-toeUITests";
			productReference = 6CEDA70E23747E3F00C3E42B /* Tic-tac-toeUITests.xctest */;
			productType = "com.apple.product-type.bundle.ui-testing";
		};
/* End PBXNativeTarget section */

/* Begin PBXProject section */
		6CEDA6E523747E3A00C3E42B /* Project object */ = {
			isa = PBXProject;
			attributes = {
				LastSwiftUpdateCheck = 1110;
				LastUpgradeCheck = 1110;
				ORGANIZATIONNAME = "mkarpov@bhs";
				TargetAttributes = {
					6CEDA6EC23747E3A00C3E42B = {
						CreatedOnToolsVersion = 11.1;
					};
					6CEDA70223747E3F00C3E42B = {
						CreatedOnToolsVersion = 11.1;
						TestTargetID = 6CEDA6EC23747E3A00C3E42B;
					};
					6CEDA70D23747E3F00C3E42B = {
						CreatedOnToolsVersion = 11.1;
						TestTargetID = 6CEDA6EC23747E3A00C3E42B;
					};
				};
			};
			buildConfigurationList = 6CEDA6E823747E3A00C3E42B /* Build configuration list for PBXProject "Tic-tac-toe" */;
			compatibilityVersion = "Xcode 9.3";
			developmentRegion = en;
			hasScannedForEncodings = 0;
			knownRegions = (
				en,
				Base,
			);
			mainGroup = 6CEDA6E423747E3A00C3E42B;
			productRefGroup = 6CEDA6EE23747E3A00C3E42B /* Products */;
			projectDirPath = "";
			projectRoot = "";
			targets = (
				6CEDA6EC23747E3A00C3E42B /* Tic-tac-toe */,
				6CEDA70223747E3F00C3E42B /* Tic-tac-toeTests */,
				6CEDA70D23747E3F00C3E42B /* Tic-tac-toeUITests */,
			);
		};
/* End PBXProject section */

/* Begin PBXResourcesBuildPhase section */
		6CEDA6EB23747E3A00C3E42B /* Resources */ = {
			isa = PBXResourcesBuildPhase;
			buildActionMask = 2147483647;
			files = (
				6CEDA6FD23747E3F00C3E42B /* LaunchScreen.storyboard in Resources */,
				6CEDA6FA23747E3F00C3E42B /* Assets.xcassets in Resources */,
				6CEDA6F823747E3A00C3E42B /* Main.storyboard in Resources */,
			);
			runOnlyForDeploymentPostprocessing = 0;
		};
		6CEDA70123747E3F00C3E42B /* Resources */ = {
			isa = PBXResourcesBuildPhase;
			buildActionMask = 2147483647;
			files = (
			);
			runOnlyForDeploymentPostprocessing = 0;
		};
		6CEDA70C23747E3F00C3E42B /* Resources */ = {
			isa = PBXResourcesBuildPhase;
			buildActionMask = 2147483647;
			files = (
			);
			runOnlyForDeploymentPostprocessing = 0;
		};
/* End PBXResourcesBuildPhase section */

/* Begin PBXSourcesBuildPhase section */
		6CEDA6E923747E3A00C3E42B /* Sources */ = {
			isa = PBXSourcesBuildPhase;
			buildActionMask = 2147483647;
			files = (
				6CEDA6F523747E3A00C3E42B /* ViewController.swift in Sources */,
				6CEDA6F123747E3A00C3E42B /* AppDelegate.swift in Sources */,
				6CEDA6F323747E3A00C3E42B /* SceneDelegate.swift in Sources */,
			);
			runOnlyForDeploymentPostprocessing = 0;
		};
		6CEDA6FF23747E3F00C3E42B /* Sources */ = {
			isa = PBXSourcesBuildPhase;
			buildActionMask = 2147483647;
			files = (
				6CEDA70823747E3F00C3E42B /* Tic_tac_toeTests.swift in Sources */,
			);
			runOnlyForDeploymentPostprocessing = 0;
		};
		6CEDA70A23747E3F00C3E42B /* Sources */ = {
			isa = PBXSourcesBuildPhase;
			buildActionMask = 2147483647;
			files = (
				6CEDA71323747E3F00C3E42B /* Tic_tac_toeUITests.swift in Sources */,
			);
			runOnlyForDeploymentPostprocessing = 0;
		};
/* End PBXSourcesBuildPhase section */

/* Begin PBXTargetDependency section */
		6CEDA70523747E3F00C3E42B /* PBXTargetDependency */ = {
			isa = PBXTargetDependency;
			target = 6CEDA6EC23747E3A00C3E42B /* Tic-tac-toe */;
			targetProxy = 6CEDA70423747E3F00C3E42B /* PBXContainerItemProxy */;
		};
		6CEDA71023747E3F00C3E42B /* PBXTargetDependency */ = {
			isa = PBXTargetDependency;
			target = 6CEDA6EC23747E3A00C3E42B /* Tic-tac-toe */;
			targetProxy = 6CEDA70F23747E3F00C3E42B /* PBXContainerItemProxy */;
		};
/* End PBXTargetDependency section */

/* Begin PBXVariantGroup section */
		6CEDA6F623747E3A00C3E42B /* Main.storyboard */ = {
			isa = PBXVariantGroup;
			children = (
				6CEDA6F723747E3A00C3E42B /* Base */,
			);
			name = Main.storyboard;
			sourceTree = "<group>";
		};
		6CEDA6FB23747E3F00C3E42B /* LaunchScreen.storyboard */ = {
			isa = PBXVariantGroup;
			children = (
				6CEDA6FC23747E3F00C3E42B /* Base */,
			);
			name = LaunchScreen.storyboard;
			sourceTree = "<group>";
		};
/* End PBXVariantGroup section */

/* Begin XCBuildConfiguration section */
		6CEDA71523747E3F00C3E42B /* Debug */ = {
			isa = XCBuildConfiguration;
			buildSettings = {
				ALWAYS_SEARCH_USER_PATHS = NO;
				CLANG_ANALYZER_NONNULL = YES;
				CLANG_ANALYZER_NUMBER_OBJECT_CONVERSION = YES_AGGRESSIVE;
				CLANG_CXX_LANGUAGE_STANDARD = "gnu++14";
				CLANG_CXX_LIBRARY = "libc++";
				CLANG_ENABLE_MODULES = YES;
				CLANG_ENABLE_OBJC_ARC = YES;
				CLANG_ENABLE_OBJC_WEAK = YES;
				CLANG_WARN_BLOCK_CAPTURE_AUTORELEASING = YES;
				CLANG_WARN_BOOL_CONVERSION = YES;
				CLANG_WARN_COMMA = YES;
				CLANG_WARN_CONSTANT_CONVERSION = YES;
				CLANG_WARN_DEPRECATED_OBJC_IMPLEMENTATIONS = YES;
				CLANG_WARN_DIRECT_OBJC_ISA_USAGE = YES_ERROR;
				CLANG_WARN_DOCUMENTATION_COMMENTS = YES;
				CLANG_WARN_EMPTY_BODY = YES;
				CLANG_WARN_ENUM_CONVERSION = YES;
				CLANG_WARN_INFINITE_RECURSION = YES;
				CLANG_WARN_INT_CONVERSION = YES;
				CLANG_WARN_NON_LITERAL_NULL_CONVERSION = YES;
				CLANG_WARN_OBJC_IMPLICIT_RETAIN_SELF = YES;
				CLANG_WARN_OBJC_LITERAL_CONVERSION = YES;
				CLANG_WARN_OBJC_ROOT_CLASS = YES_ERROR;
				CLANG_WARN_RANGE_LOOP_ANALYSIS = YES;
				CLANG_WARN_STRICT_PROTOTYPES = YES;
				CLANG_WARN_SUSPICIOUS_MOVE = YES;
				CLANG_WARN_UNGUARDED_AVAILABILITY = YES_AGGRESSIVE;
				CLANG_WARN_UNREACHABLE_CODE = YES;
				CLANG_WARN__DUPLICATE_METHOD_MATCH = YES;
				COPY_PHASE_STRIP = NO;
				DEBUG_INFORMATION_FORMAT = dwarf;
				ENABLE_STRICT_OBJC_MSGSEND = YES;
				ENABLE_TESTABILITY = YES;
				GCC_C_LANGUAGE_STANDARD = gnu11;
				GCC_DYNAMIC_NO_PIC = NO;
				GCC_NO_COMMON_BLOCKS = YES;
				GCC_OPTIMIZATION_LEVEL = 0;
				GCC_PREPROCESSOR_DEFINITIONS = (
					"DEBUG=1",
					"$(inherited)",
				);
				GCC_WARN_64_TO_32_BIT_CONVERSION = YES;
				GCC_WARN_ABOUT_RETURN_TYPE = YES_ERROR;
				GCC_WARN_UNDECLARED_SELECTOR = YES;
				GCC_WARN_UNINITIALIZED_AUTOS = YES_AGGRESSIVE;
				GCC_WARN_UNUSED_FUNCTION = YES;
				GCC_WARN_UNUSED_VARIABLE = YES;
				IPHONEOS_DEPLOYMENT_TARGET = 13.1;
				MTL_ENABLE_DEBUG_INFO = INCLUDE_SOURCE;
				MTL_FAST_MATH = YES;
				ONLY_ACTIVE_ARCH = YES;
				SDKROOT = iphoneos;
				SWIFT_ACTIVE_COMPILATION_CONDITIONS = DEBUG;
				SWIFT_OPTIMIZATION_LEVEL = "-Onone";
			};
			name = Debug;
		};
		6CEDA71623747E3F00C3E42B /* Release */ = {
			isa = XCBuildConfiguration;
			buildSettings = {
				ALWAYS_SEARCH_USER_PATHS = NO;
				CLANG_ANALYZER_NONNULL = YES;
				CLANG_ANALYZER_NUMBER_OBJECT_CONVERSION = YES_AGGRESSIVE;
				CLANG_CXX_LANGUAGE_STANDARD = "gnu++14";
				CLANG_CXX_LIBRARY = "libc++";
				CLANG_ENABLE_MODULES = YES;
				CLANG_ENABLE_OBJC_ARC = YES;
				CLANG_ENABLE_OBJC_WEAK = YES;
				CLANG_WARN_BLOCK_CAPTURE_AUTORELEASING = YES;
				CLANG_WARN_BOOL_CONVERSION = YES;
				CLANG_WARN_COMMA = YES;
				CLANG_WARN_CONSTANT_CONVERSION = YES;
				CLANG_WARN_DEPRECATED_OBJC_IMPLEMENTATIONS = YES;
				CLANG_WARN_DIRECT_OBJC_ISA_USAGE = YES_ERROR;
				CLANG_WARN_DOCUMENTATION_COMMENTS = YES;
				CLANG_WARN_EMPTY_BODY = YES;
				CLANG_WARN_ENUM_CONVERSION = YES;
				CLANG_WARN_INFINITE_RECURSION = YES;
				CLANG_WARN_INT_CONVERSION = YES;
				CLANG_WARN_NON_LITERAL_NULL_CONVERSION = YES;
				CLANG_WARN_OBJC_IMPLICIT_RETAIN_SELF = YES;
				CLANG_WARN_OBJC_LITERAL_CONVERSION = YES;
				CLANG_WARN_OBJC_ROOT_CLASS = YES_ERROR;
				CLANG_WARN_RANGE_LOOP_ANALYSIS = YES;
				CLANG_WARN_STRICT_PROTOTYPES = YES;
				CLANG_WARN_SUSPICIOUS_MOVE = YES;
				CLANG_WARN_UNGUARDED_AVAILABILITY = YES_AGGRESSIVE;
				CLANG_WARN_UNREACHABLE_CODE = YES;
				CLANG_WARN__DUPLICATE_METHOD_MATCH = YES;
				COPY_PHASE_STRIP = NO;
				DEBUG_INFORMATION_FORMAT = "dwarf-with-dsym";
				ENABLE_NS_ASSERTIONS = NO;
				ENABLE_STRICT_OBJC_MSGSEND = YES;
				GCC_C_LANGUAGE_STANDARD = gnu11;
				GCC_NO_COMMON_BLOCKS = YES;
				GCC_WARN_64_TO_32_BIT_CONVERSION = YES;
				GCC_WARN_ABOUT_RETURN_TYPE = YES_ERROR;
				GCC_WARN_UNDECLARED_SELECTOR = YES;
				GCC_WARN_UNINITIALIZED_AUTOS = YES_AGGRESSIVE;
				GCC_WARN_UNUSED_FUNCTION = YES;
				GCC_WARN_UNUSED_VARIABLE = YES;
				IPHONEOS_DEPLOYMENT_TARGET = 13.1;
				MTL_ENABLE_DEBUG_INFO = NO;
				MTL_FAST_MATH = YES;
				SDKROOT = iphoneos;
				SWIFT_COMPILATION_MODE = wholemodule;
				SWIFT_OPTIMIZATION_LEVEL = "-O";
				VALIDATE_PRODUCT = YES;
			};
			name = Release;
		};
		6CEDA71823747E3F00C3E42B /* Debug */ = {
			isa = XCBuildConfiguration;
			buildSettings = {
				ASSETCATALOG_COMPILER_APPICON_NAME = AppIcon;
				CODE_SIGN_STYLE = Automatic;
				DEVELOPMENT_TEAM = LX5DHS5BBF;
				INFOPLIST_FILE = "Tic-tac-toe/Info.plist";
				LD_RUNPATH_SEARCH_PATHS = (
					"$(inherited)",
					"@executable_path/Frameworks",
				);
				PRODUCT_BUNDLE_IDENTIFIER = "Zenith.Tic-tac-toe";
				PRODUCT_NAME = "$(TARGET_NAME)";
				SWIFT_VERSION = 5.0;
				TARGETED_DEVICE_FAMILY = "1,2";
			};
			name = Debug;
		};
		6CEDA71923747E3F00C3E42B /* Release */ = {
			isa = XCBuildConfiguration;
			buildSettings = {
				ASSETCATALOG_COMPILER_APPICON_NAME = AppIcon;
				CODE_SIGN_STYLE = Automatic;
				DEVELOPMENT_TEAM = LX5DHS5BBF;
				INFOPLIST_FILE = "Tic-tac-toe/Info.plist";
				LD_RUNPATH_SEARCH_PATHS = (
					"$(inherited)",
					"@executable_path/Frameworks",
				);
				PRODUCT_BUNDLE_IDENTIFIER = "Zenith.Tic-tac-toe";
				PRODUCT_NAME = "$(TARGET_NAME)";
				SWIFT_VERSION = 5.0;
				TARGETED_DEVICE_FAMILY = "1,2";
			};
			name = Release;
		};
		6CEDA71B23747E3F00C3E42B /* Debug */ = {
			isa = XCBuildConfiguration;
			buildSettings = {
				ALWAYS_EMBED_SWIFT_STANDARD_LIBRARIES = YES;
				BUNDLE_LOADER = "$(TEST_HOST)";
				CODE_SIGN_STYLE = Automatic;
				DEVELOPMENT_TEAM = LX5DHS5BBF;
				INFOPLIST_FILE = "Tic-tac-toeTests/Info.plist";
				IPHONEOS_DEPLOYMENT_TARGET = 13.1;
				LD_RUNPATH_SEARCH_PATHS = (
					"$(inherited)",
					"@executable_path/Frameworks",
					"@loader_path/Frameworks",
				);
				PRODUCT_BUNDLE_IDENTIFIER = "Zenith.Tic-tac-toeTests";
				PRODUCT_NAME = "$(TARGET_NAME)";
				SWIFT_VERSION = 5.0;
				TARGETED_DEVICE_FAMILY = "1,2";
				TEST_HOST = "$(BUILT_PRODUCTS_DIR)/Tic-tac-toe.app/Tic-tac-toe";
			};
			name = Debug;
		};
		6CEDA71C23747E3F00C3E42B /* Release */ = {
			isa = XCBuildConfiguration;
			buildSettings = {
				ALWAYS_EMBED_SWIFT_STANDARD_LIBRARIES = YES;
				BUNDLE_LOADER = "$(TEST_HOST)";
				CODE_SIGN_STYLE = Automatic;
				DEVELOPMENT_TEAM = LX5DHS5BBF;
				INFOPLIST_FILE = "Tic-tac-toeTests/Info.plist";
				IPHONEOS_DEPLOYMENT_TARGET = 13.1;
				LD_RUNPATH_SEARCH_PATHS = (
					"$(inherited)",
					"@executable_path/Frameworks",
					"@loader_path/Frameworks",
				);
				PRODUCT_BUNDLE_IDENTIFIER = "Zenith.Tic-tac-toeTests";
				PRODUCT_NAME = "$(TARGET_NAME)";
				SWIFT_VERSION = 5.0;
				TARGETED_DEVICE_FAMILY = "1,2";
				TEST_HOST = "$(BUILT_PRODUCTS_DIR)/Tic-tac-toe.app/Tic-tac-toe";
			};
			name = Release;
		};
		6CEDA71E23747E3F00C3E42B /* Debug */ = {
			isa = XCBuildConfiguration;
			buildSettings = {
				ALWAYS_EMBED_SWIFT_STANDARD_LIBRARIES = YES;
				CODE_SIGN_STYLE = Automatic;
				DEVELOPMENT_TEAM = LX5DHS5BBF;
				INFOPLIST_FILE = "Tic-tac-toeUITests/Info.plist";
				LD_RUNPATH_SEARCH_PATHS = (
					"$(inherited)",
					"@executable_path/Frameworks",
					"@loader_path/Frameworks",
				);
				PRODUCT_BUNDLE_IDENTIFIER = "Zenith.Tic-tac-toeUITests";
				PRODUCT_NAME = "$(TARGET_NAME)";
				SWIFT_VERSION = 5.0;
				TARGETED_DEVICE_FAMILY = "1,2";
				TEST_TARGET_NAME = "Tic-tac-toe";
			};
			name = Debug;
		};
		6CEDA71F23747E3F00C3E42B /* Release */ = {
			isa = XCBuildConfiguration;
			buildSettings = {
				ALWAYS_EMBED_SWIFT_STANDARD_LIBRARIES = YES;
				CODE_SIGN_STYLE = Automatic;
				DEVELOPMENT_TEAM = LX5DHS5BBF;
				INFOPLIST_FILE = "Tic-tac-toeUITests/Info.plist";
				LD_RUNPATH_SEARCH_PATHS = (
					"$(inherited)",
					"@executable_path/Frameworks",
					"@loader_path/Frameworks",
				);
				PRODUCT_BUNDLE_IDENTIFIER = "Zenith.Tic-tac-toeUITests";
				PRODUCT_NAME = "$(TARGET_NAME)";
				SWIFT_VERSION = 5.0;
				TARGETED_DEVICE_FAMILY = "1,2";
				TEST_TARGET_NAME = "Tic-tac-toe";
			};
			name = Release;
		};
/* End XCBuildConfiguration section */

/* Begin XCConfigurationList section */
		6CEDA6E823747E3A00C3E42B /* Build configuration list for PBXProject "Tic-tac-toe" */ = {
			isa = XCConfigurationList;
			buildConfigurations = (
				6CEDA71523747E3F00C3E42B /* Debug */,
				6CEDA71623747E3F00C3E42B /* Release */,
			);
			defaultConfigurationIsVisible = 0;
			defaultConfigurationName = Release;
		};
		6CEDA71723747E3F00C3E42B /* Build configuration list for PBXNativeTarget "Tic-tac-toe" */ = {
			isa = XCConfigurationList;
			buildConfigurations = (
				6CEDA71823747E3F00C3E42B /* Debug */,
				6CEDA71923747E3F00C3E42B /* Release */,
			);
			defaultConfigurationIsVisible = 0;
			defaultConfigurationName = Release;
		};
		6CEDA71A23747E3F00C3E42B /* Build configuration list for PBXNativeTarget "Tic-tac-toeTests" */ = {
			isa = XCConfigurationList;
			buildConfigurations = (
				6CEDA71B23747E3F00C3E42B /* Debug */,
				6CEDA71C23747E3F00C3E42B /* Release */,
			);
			defaultConfigurationIsVisible = 0;
			defaultConfigurationName = Release;
		};
		6CEDA71D23747E3F00C3E42B /* Build configuration list for PBXNativeTarget "Tic-tac-toeUITests" */ = {
			isa = XCConfigurationList;
			buildConfigurations = (
				6CEDA71E23747E3F00C3E42B /* Debug */,
				6CEDA71F23747E3F00C3E42B /* Release */,
			);
			defaultConfigurationIsVisible = 0;
			defaultConfigurationName = Release;
		};
/* End XCConfigurationList section */
	};
	rootObject = 6CEDA6E523747E3A00C3E42B /* Project object */;
}
